
Microsoft Visual Studio Solution File, Format Version 12.00
# Visual Studio Version 17
VisualStudioVersion = 17.2.32516.85
MinimumVisualStudioVersion = 10.0.40219.1
Project("{8BC9CEB8-8B4A-11D0-8D11-00A0C91BC942}") = "SEassigment1", "SEassigment1\SEassigment1.vcxproj", "{C71E63B5-2727-4844-A344-FD4A31C8A989}"
EndProject
Global
	GlobalSection(SolutionConfigurationPlatforms) = preSolution
		Debug|x64 = Debug|x64
		Debug|x86 = Debug|x86
		Release|x64 = Release|x64
		Release|x86 = Release|x86
	EndGlobalSection
	GlobalSection(ProjectConfigurationPlatforms) = postSolution
		{C71E63B5-2727-4844-A344-FD4A31C8A989}.Debug|x64.ActiveCfg = Debug|x64
		{C71E63B5-2727-4844-A344-FD4A31C8A989}.Debug|x64.Build.0 = Debug|x64
		{C71E63B5-2727-4844-A344-FD4A31C8A989}.Debug|x86.ActiveCfg = Debug|Win32
		{C71E63B5-2727-4844-A344-FD4A31C8A989}.Debug|x86.Build.0 = Debug|Win32
		{C71E63B5-2727-4844-A344-FD4A31C8A989}.Release|x64.ActiveCfg = Release|x64
		{C71E63B5-2727-4844-A344-FD4A31C8A989}.Release|x64.Build.0 = Release|x64
		{C71E63B5-2727-4844-A344-FD4A31C8A989}.Release|x86.ActiveCfg = Release|Win32
		{C71E63B5-2727-4844-A344-FD4A31C8A989}.Release|x86.Build.0 = Release|Win32
	EndGlobalSection
	GlobalSection(SolutionProperties) = preSolution
		HideSolutionNode = FALSE
	EndGlobalSection
	GlobalSection(ExtensibilityGlobals) = postSolution
		SolutionGuid = {296F7DE2-E469-4E28-82AE-6067677F52FA}
	EndGlobalSection
EndGlobal
