
Microsoft Visual Studio Solution File, Format Version 12.00
# Visual Studio Version 17
VisualStudioVersion = 17.4.33205.214
MinimumVisualStudioVersion = 10.0.40219.1
Project("{888888A0-9F3D-457C-B088-3A5042F75D52}") = "Boost", "Boost\Boost.pyproj", "{C2FE0D9D-F802-4F42-9002-25B068C30814}"
EndProject
Global
	GlobalSection(SolutionConfigurationPlatforms) = preSolution
		Debug|Any CPU = Debug|Any CPU
		Release|Any CPU = Release|Any CPU
	EndGlobalSection
	GlobalSection(ProjectConfigurationPlatforms) = postSolution
		{C2FE0D9D-F802-4F42-9002-25B068C30814}.Debug|Any CPU.ActiveCfg = Debug|Any CPU
		{C2FE0D9D-F802-4F42-9002-25B068C30814}.Release|Any CPU.ActiveCfg = Release|Any CPU
	EndGlobalSection
	GlobalSection(SolutionProperties) = preSolution
		HideSolutionNode = FALSE
	EndGlobalSection
	GlobalSection(ExtensibilityGlobals) = postSolution
		SolutionGuid = {EEFC06E4-A0A2-4EF9-90AB-DD3A2CAB4A94}
	EndGlobalSection
EndGlobal
